{
	"name": "@searchspring/snap-tracker",
	"version": "0.27.0",
	"lockfileVersion": 2,
	"requires": true,
	"packages": {
		"": {
			"name": "@searchspring/snap-tracker",
			"version": "0.23.1",
			"license": "MIT",
			"dependencies": {
				"@searchspring/snap-store-mobx": "^0.23.1",
				"@searchspring/snap-toolbox": "^0.23.1",
				"@types/uuid": "^8.3.4",
				"deepmerge": "^4.2.2",
				"uuid": "^8.3.2"
			}
		},
		"node_modules/@searchspring/snap-store-mobx": {
			"version": "0.23.1",
			"resolved": "https://registry.npmjs.org/@searchspring/snap-store-mobx/-/snap-store-mobx-0.23.1.tgz",
			"integrity": "sha512-uWfa00wn1Kjf15iIrG2Li3+KJqXU8/QwfWKOLoDp+FUUh2bvaPizNNwKToIlTLCouqt0okZnoJ0Ek4xHCfAIeA==",
			"dependencies": {
				"@searchspring/snap-toolbox": "^0.23.1",
				"mobx": "^6.3.12"
			}
		},
		"node_modules/@searchspring/snap-toolbox": {
			"version": "0.23.1",
			"resolved": "https://registry.npmjs.org/@searchspring/snap-toolbox/-/snap-toolbox-0.23.1.tgz",
			"integrity": "sha512-lNwoiGZvSlWp+4tYpr3GLPYnVekRag99V43fQh/c6BXvVry3idqdQh7b+yJyj3vUydfPUc8JS6rJCLsgf/HtOQ=="
		},
		"node_modules/@types/uuid": {
			"version": "8.3.4",
			"resolved": "https://registry.npmjs.org/@types/uuid/-/uuid-8.3.4.tgz",
			"integrity": "sha512-c/I8ZRb51j+pYGAu5CrFMRxqZ2ke4y2grEBO5AUjgSkSk+qT2Ea+OdWElz/OiMf5MNpn2b17kuVBwZLQJXzihw=="
		},
		"node_modules/deepmerge": {
			"version": "4.2.2",
			"resolved": "https://registry.npmjs.org/deepmerge/-/deepmerge-4.2.2.tgz",
			"integrity": "sha512-FJ3UgI4gIl+PHZm53knsuSFpE+nESMr7M4v9QcgB7S63Kj/6WqMiFQJpBBYz1Pt+66bZpP3Q7Lye0Oo9MPKEdg==",
			"engines": {
				"node": ">=0.10.0"
			}
		},
		"node_modules/mobx": {
			"version": "6.5.0",
			"resolved": "https://registry.npmjs.org/mobx/-/mobx-6.5.0.tgz",
			"integrity": "sha512-pHZ/cySF00FVENDWIDzJyoObFahK6Eg4d0papqm6d7yMkxWTZ/S/csqJX1A3PsYy4t5k3z2QnlwuCfMW5lSEwA==",
			"funding": {
				"type": "opencollective",
				"url": "https://opencollective.com/mobx"
			}
		},
		"node_modules/uuid": {
			"version": "8.3.2",
			"license": "MIT",
			"bin": {
				"uuid": "dist/bin/uuid"
			}
		}
	},
	"dependencies": {
		"@searchspring/snap-store-mobx": {
			"version": "0.23.1",
			"resolved": "https://registry.npmjs.org/@searchspring/snap-store-mobx/-/snap-store-mobx-0.23.1.tgz",
			"integrity": "sha512-uWfa00wn1Kjf15iIrG2Li3+KJqXU8/QwfWKOLoDp+FUUh2bvaPizNNwKToIlTLCouqt0okZnoJ0Ek4xHCfAIeA==",
			"requires": {
				"@searchspring/snap-toolbox": "^0.23.1",
				"mobx": "^6.3.12"
			}
		},
		"@searchspring/snap-toolbox": {
			"version": "0.23.1",
			"resolved": "https://registry.npmjs.org/@searchspring/snap-toolbox/-/snap-toolbox-0.23.1.tgz",
			"integrity": "sha512-lNwoiGZvSlWp+4tYpr3GLPYnVekRag99V43fQh/c6BXvVry3idqdQh7b+yJyj3vUydfPUc8JS6rJCLsgf/HtOQ=="
		},
		"@types/uuid": {
			"version": "8.3.4",
			"resolved": "https://registry.npmjs.org/@types/uuid/-/uuid-8.3.4.tgz",
			"integrity": "sha512-c/I8ZRb51j+pYGAu5CrFMRxqZ2ke4y2grEBO5AUjgSkSk+qT2Ea+OdWElz/OiMf5MNpn2b17kuVBwZLQJXzihw=="
		},
		"deepmerge": {
			"version": "4.2.2",
			"resolved": "https://registry.npmjs.org/deepmerge/-/deepmerge-4.2.2.tgz",
			"integrity": "sha512-FJ3UgI4gIl+PHZm53knsuSFpE+nESMr7M4v9QcgB7S63Kj/6WqMiFQJpBBYz1Pt+66bZpP3Q7Lye0Oo9MPKEdg=="
		},
		"mobx": {
			"version": "6.5.0",
			"resolved": "https://registry.npmjs.org/mobx/-/mobx-6.5.0.tgz",
			"integrity": "sha512-pHZ/cySF00FVENDWIDzJyoObFahK6Eg4d0papqm6d7yMkxWTZ/S/csqJX1A3PsYy4t5k3z2QnlwuCfMW5lSEwA=="
		},
		"uuid": {
			"version": "8.3.2"
		}
	}
}
